{
  "nodes": {
    "flake-utils": {
      "locked": {
        "lastModified": 1667395993,
        "narHash": "sha256-nuEHfE/LcWyuSWnS8t12N1wc105Qtau+/OdUAjtQ0rA=",
        "owner": "numtide",
        "repo": "flake-utils",
        "rev": "5aed5285a952e0b949eb3ba02c12fa4fcfef535f",
        "type": "github"
      },
      "original": {
        "owner": "numtide",
        "repo": "flake-utils",
        "type": "github"
      }
    },
    "fzf-tab": {
      "flake": false,
      "locked": {
        "lastModified": 1730889031,
        "narHash": "sha256-EWMeslDgs/DWVaDdI9oAS46hfZtp4LHTRY8TclKTNK8=",
        "owner": "Aloxaf",
        "repo": "fzf-tab",
        "rev": "6aced3f35def61c5edf9d790e945e8bb4fe7b305",
        "type": "github"
      },
      "original": {
        "owner": "Aloxaf",
        "repo": "fzf-tab",
        "type": "github"
      }
    },
    "nixpkgs": {
      "locked": {
        "lastModified": 1735141468,
        "narHash": "sha256-VIAjBr1qGcEbmhLwQJD6TABppPMggzOvqFsqkDoMsAY=",
        "owner": "nixos",
        "repo": "nixpkgs",
        "rev": "4005c3ff7505313cbc21081776ad0ce5dfd7a3ce",
        "type": "github"
      },
      "original": {
        "owner": "nixos",
        "ref": "nixos-24.11",
        "repo": "nixpkgs",
        "type": "github"
      }
    },
    "root": {
      "inputs": {
        "flake-utils": "flake-utils",
        "fzf-tab": "fzf-tab",
        "nixpkgs": "nixpkgs"
      }
    }
  },
  "root": "root",
  "version": 7
}
